<?xml version="1.0" encoding="utf-8"?>
<Project ToolsVersion="4.0" xmlns="http://schemas.microsoft.com/developer/msbuild/2003">
  <ItemGroup>
    <Filter Include="Source Files">
      <UniqueIdentifier>{4FC737F1-C7A5-4376-A066-2A32D752A2FF}</UniqueIdentifier>
      <Extensions>cpp;c;cc;cxx;c++;cppm;ixx;def;odl;idl;hpj;bat;asm;asmx</Extensions>
    </Filter>
    <Filter Include="Header Files">
      <UniqueIdentifier>{93995380-89BD-4b04-88EB-625FBE52EBFB}</UniqueIdentifier>
      <Extensions>h;hh;hpp;hxx;h++;hm;inl;inc;ipp;xsd</Extensions>
    </Filter>
    <Filter Include="Resource Files">
      <UniqueIdentifier>{67DA6AB6-F800-4c08-8B7A-83BB121AAD01}</UniqueIdentifier>
      <Extensions>dlg;bin;rgs;jpe;tiff;tif;mfcribbon-ms</Extensions>
    </Filter>
    <Filter Include="Resource Files\Cursors">
      <UniqueIdentifier>{8f826ffb-b466-41c7-b9c0-309c103d52cf}</UniqueIdentifier>
      <Extensions>cur</Extensions>
    </Filter>
    <Filter Include="Functions">
      <UniqueIdentifier>{b9e85ce0-b3f6-4ef0-bc38-5e22bc69d41a}</UniqueIdentifier>
      <Extensions>h;cpp</Extensions>
    </Filter>
    <Filter Include="Resource Files\Icons">
      <UniqueIdentifier>{cd225143-37a3-4f2d-82fe-7e18b7764a71}</UniqueIdentifier>
      <Extensions>ico</Extensions>
    </Filter>
    <Filter Include="Resource Files\Images">
      <UniqueIdentifier>{182d179c-33a9-49cf-8290-6488b111358f}</UniqueIdentifier>
      <Extensions>bmp;png;jpg;gif;jpeg</Extensions>
    </Filter>
    <Filter Include="InitMainWindow">
      <UniqueIdentifier>{c7b09b12-63e0-4c60-94c6-fd439763077a}</UniqueIdentifier>
      <Extensions>h;cpp</Extensions>
    </Filter>
    <Filter Include="Custom Controls">
      <UniqueIdentifier>{c5838968-b496-43b0-b2cf-75326170e85d}</UniqueIdentifier>
    </Filter>
    <Filter Include="Custom Controls\Color Picker">
      <UniqueIdentifier>{f25780ca-147c-4c2c-a0e2-99f022f08bda}</UniqueIdentifier>
      <Extensions>h;cpp</Extensions>
    </Filter>
    <Filter Include="Custom Controls\Animation Stars">
      <UniqueIdentifier>{91ea52dd-62c0-4482-a945-b452cc96ecc0}</UniqueIdentifier>
      <Extensions>h;cpp</Extensions>
    </Filter>
    <Filter Include="Resource Files\Music">
      <UniqueIdentifier>{0e4b0dab-69c9-44d0-8c44-98f7ad1f5507}</UniqueIdentifier>
      <Extensions>wav;wma;mp3</Extensions>
    </Filter>
    <Filter Include="Custom Controls\Calculator">
      <UniqueIdentifier>{fc76915f-c888-4997-999b-b314dc68aacd}</UniqueIdentifier>
      <Extensions>h;cpp</Extensions>
    </Filter>
    <Filter Include="Custom Controls\Drop Files">
      <UniqueIdentifier>{11b7017e-0c22-40f0-9c6f-0976435c27c2}</UniqueIdentifier>
      <Extensions>h;cpp</Extensions>
    </Filter>
    <Filter Include="Resource Files\Resources">
      <UniqueIdentifier>{c3d6474a-aaee-4b2c-9570-3de4d223dbcc}</UniqueIdentifier>
      <Extensions>rc;rc2;rct;resx</Extensions>
    </Filter>
    <Filter Include="Functions\Console">
      <UniqueIdentifier>{c11e141a-da67-41c6-9c9e-6d9557cd9e21}</UniqueIdentifier>
      <Extensions>h;cpp</Extensions>
    </Filter>
  </ItemGroup>
  <ItemGroup>
    <ClCompile Include="WinMain.cpp">
      <Filter>Source Files</Filter>
    </ClCompile>
    <ClCompile Include="InitMainWindow.cpp">
      <Filter>InitMainWindow</Filter>
    </ClCompile>
    <ClCompile Include="ColorPicker.cpp">
      <Filter>Custom Controls\Color Picker</Filter>
    </ClCompile>
    <ClCompile Include="Animation.cpp">
      <Filter>Custom Controls\Animation Stars</Filter>
    </ClCompile>
    <ClCompile Include="Calculator.cpp">
      <Filter>Custom Controls\Calculator</Filter>
    </ClCompile>
    <ClCompile Include="DropFiles.cpp">
      <Filter>Custom Controls\Drop Files</Filter>
    </ClCompile>
    <ClCompile Include="Console.cpp">
      <Filter>Functions\Console</Filter>
    </ClCompile>
  </ItemGroup>
  <ItemGroup>
    <ClInclude Include="Headers.h">
      <Filter>Header Files</Filter>
    </ClInclude>
    <ClInclude Include="InitMainWindow.h">
      <Filter>InitMainWindow</Filter>
    </ClInclude>
    <ClInclude Include="Draw.h">
      <Filter>Functions</Filter>
    </ClInclude>
    <ClInclude Include="ColorPicker.h">
      <Filter>Custom Controls\Color Picker</Filter>
    </ClInclude>
    <ClInclude Include="Animation.h">
      <Filter>Custom Controls\Animation Stars</Filter>
    </ClInclude>
    <ClInclude Include="Calculator.h">
      <Filter>Custom Controls\Calculator</Filter>
    </ClInclude>
    <ClInclude Include="DropFiles.h">
      <Filter>Custom Controls\Drop Files</Filter>
    </ClInclude>
    <ClInclude Include="resource.h">
      <Filter>Resource Files\Resources</Filter>
    </ClInclude>
    <ClInclude Include="Console.h">
      <Filter>Functions\Console</Filter>
    </ClInclude>
    <ClInclude Include="Functions.h">
      <Filter>Functions</Filter>
    </ClInclude>
  </ItemGroup>
  <ItemGroup>
    <None Include="Crosshair.cur">
      <Filter>Resource Files\Cursors</Filter>
    </None>
  </ItemGroup>
  <ItemGroup>
    <Image Include="WindowIcon.ico">
      <Filter>Resource Files\Icons</Filter>
    </Image>
  </ItemGroup>
  <ItemGroup>
    <ResourceCompile Include="AppResources.rc">
      <Filter>Resource Files\Resources</Filter>
    </ResourceCompile>
  </ItemGroup>
</Project>