
Microsoft Visual Studio Solution File, Format Version 12.00
# Visual Studio Version 17
VisualStudioVersion = 17.0.32014.148
MinimumVisualStudioVersion = 10.0.40219.1
Project("{8BC9CEB8-8B4A-11D0-8D11-00A0C91BC942}") = "Windows Desktop Application", "Windows Desktop Application.vcxproj", "{187C8C48-A97C-4ECC-BC0D-589B632B24F6}"
EndProject
Global
	GlobalSection(SolutionConfigurationPlatforms) = preSolution
		Debug|x64 = Debug|x64
		Debug|x86 = Debug|x86
		Release|x64 = Release|x64
		Release|x86 = Release|x86
	EndGlobalSection
	GlobalSection(ProjectConfigurationPlatforms) = postSolution
		{187C8C48-A97C-4ECC-BC0D-589B632B24F6}.Debug|x64.ActiveCfg = Debug|x64
		{187C8C48-A97C-4ECC-BC0D-589B632B24F6}.Debug|x64.Build.0 = Debug|x64
		{187C8C48-A97C-4ECC-BC0D-589B632B24F6}.Debug|x86.ActiveCfg = Debug|Win32
		{187C8C48-A97C-4ECC-BC0D-589B632B24F6}.Debug|x86.Build.0 = Debug|Win32
		{187C8C48-A97C-4ECC-BC0D-589B632B24F6}.Release|x64.ActiveCfg = Release|x64
		{187C8C48-A97C-4ECC-BC0D-589B632B24F6}.Release|x64.Build.0 = Release|x64
		{187C8C48-A97C-4ECC-BC0D-589B632B24F6}.Release|x86.ActiveCfg = Release|Win32
		{187C8C48-A97C-4ECC-BC0D-589B632B24F6}.Release|x86.Build.0 = Release|Win32
	EndGlobalSection
	GlobalSection(SolutionProperties) = preSolution
		HideSolutionNode = FALSE
	EndGlobalSection
	GlobalSection(ExtensibilityGlobals) = postSolution
		SolutionGuid = {828007B5-B0C4-4272-9F5A-BEF0BBBA7AA0}
	EndGlobalSection
EndGlobal
